
Microsoft Visual Studio Solution File, Format Version 12.00
# Visual Studio Version 17
VisualStudioVersion = 17.13.35825.156 d17.13
MinimumVisualStudioVersion = 10.0.40219.1
Project("{FAE04EC0-301F-11D3-BF4B-00C04F79EFBC}") = "BFU", "BFU\BFU.csproj", "{171FFC86-D83E-42F2-B77E-275694C864C7}"
EndProject
Global
	GlobalSection(SolutionConfigurationPlatforms) = preSolution
		Debug|Any CPU = Debug|Any CPU
		Release|Any CPU = Release|Any CPU
	EndGlobalSection
	GlobalSection(ProjectConfigurationPlatforms) = postSolution
		{171FFC86-D83E-42F2-B77E-275694C864C7}.Debug|Any CPU.ActiveCfg = Debug|Any CPU
		{171FFC86-D83E-42F2-B77E-275694C864C7}.Debug|Any CPU.Build.0 = Debug|Any CPU
		{171FFC86-D83E-42F2-B77E-275694C864C7}.Release|Any CPU.ActiveCfg = Release|Any CPU
		{171FFC86-D83E-42F2-B77E-275694C864C7}.Release|Any CPU.Build.0 = Release|Any CPU
	EndGlobalSection
	GlobalSection(SolutionProperties) = preSolution
		HideSolutionNode = FALSE
	EndGlobalSection
	GlobalSection(ExtensibilityGlobals) = postSolution
		SolutionGuid = {6921E2F4-3D40-40C5-8755-A5478F46B2A3}
	EndGlobalSection
EndGlobal
